// !$*UTF8*$!
{
	archiveVersion = 1;
	classes = {
	};
	objectVersion = 50;
	objects = {

/* Begin PBXBuildFile section */
		EF390B6F21CC7E6A0010F9FF /* Model.xcdatamodeld in Sources */ = {isa = PBXBuildFile; fileRef = EF390B6D21CC7E6A0010F9FF /* Model.xcdatamodeld */; };
		EF390B7121CCA0380010F9FF /* CategoryViewController.swift in Sources */ = {isa = PBXBuildFile; fileRef = EF390B7021CCA0380010F9FF /* CategoryViewController.swift */; };
		EFC6814C21C86DE2005DADC0 /* AppDelegate.swift in Sources */ = {isa = PBXBuildFile; fileRef = EFC6814B21C86DE2005DADC0 /* AppDelegate.swift */; };
		EFC6814E21C86DE2005DADC0 /* TodoListViewController.swift in Sources */ = {isa = PBXBuildFile; fileRef = EFC6814D21C86DE2005DADC0 /* TodoListViewController.swift */; };
		EFC6815121C86DE2005DADC0 /* Main.storyboard in Resources */ = {isa = PBXBuildFile; fileRef = EFC6814F21C86DE2005DADC0 /* Main.storyboard */; };
		EFC6815321C86DE4005DADC0 /* Assets.xcassets in Resources */ = {isa = PBXBuildFile; fileRef = EFC6815221C86DE4005DADC0 /* Assets.xcassets */; };
		EFC6815621C86DE4005DADC0 /* LaunchScreen.storyboard in Resources */ = {isa = PBXBuildFile; fileRef = EFC6815421C86DE4005DADC0 /* LaunchScreen.storyboard */; };
/* End PBXBuildFile section */

/* Begin PBXFileReference section */
		EF390B6E21CC7E6A0010F9FF /* Model.xcdatamodel */ = {isa = PBXFileReference; lastKnownFileType = wrapper.xcdatamodel; path = Model.xcdatamodel; sourceTree = "<group>"; };
		EF390B7021CCA0380010F9FF /* CategoryViewController.swift */ = {isa = PBXFileReference; lastKnownFileType = sourcecode.swift; path = CategoryViewController.swift; sourceTree = "<group>"; };
		EFC6814821C86DE2005DADC0 /* Todoey.app */ = {isa = PBXFileReference; explicitFileType = wrapper.application; includeInIndex = 0; path = Todoey.app; sourceTree = BUILT_PRODUCTS_DIR; };
		EFC6814B21C86DE2005DADC0 /* AppDelegate.swift */ = {isa = PBXFileReference; lastKnownFileType = sourcecode.swift; path = AppDelegate.swift; sourceTree = "<group>"; };
		EFC6814D21C86DE2005DADC0 /* TodoListViewController.swift */ = {isa = PBXFileReference; lastKnownFileType = sourcecode.swift; path = TodoListViewController.swift; sourceTree = "<group>"; };
		EFC6815021C86DE2005DADC0 /* Base */ = {isa = PBXFileReference; lastKnownFileType = file.storyboard; name = Base; path = Base.lproj/Main.storyboard; sourceTree = "<group>"; };
		EFC6815221C86DE4005DADC0 /* Assets.xcassets */ = {isa = PBXFileReference; lastKnownFileType = folder.assetcatalog; path = Assets.xcassets; sourceTree = "<group>"; };
		EFC6815521C86DE4005DADC0 /* Base */ = {isa = PBXFileReference; lastKnownFileType = file.storyboard; name = Base; path = Base.lproj/LaunchScreen.storyboard; sourceTree = "<group>"; };
		EFC6815721C86DE4005DADC0 /* Info.plist */ = {isa = PBXFileReference; lastKnownFileType = text.plist.xml; path = Info.plist; sourceTree = "<group>"; };
/* End PBXFileReference section */

/* Begin PBXFrameworksBuildPhase section */
		EFC6814521C86DE2005DADC0 /* Frameworks */ = {
			isa = PBXFrameworksBuildPhase;
			buildActionMask = 2147483647;
			files = (
			);
			runOnlyForDeploymentPostprocessing = 0;
		};
/* End PBXFrameworksBuildPhase section */

/* Begin PBXGroup section */
		EF390B2421CB50440010F9FF /* View */ = {
			isa = PBXGroup;
			children = (
				EFC6814F21C86DE2005DADC0 /* Main.storyboard */,
			);
			path = View;
			sourceTree = "<group>";
		};
		EF390B2521CB504C0010F9FF /* Controller */ = {
			isa = PBXGroup;
			children = (
				EF390B7021CCA0380010F9FF /* CategoryViewController.swift */,
				EFC6814D21C86DE2005DADC0 /* TodoListViewController.swift */,
			);
			path = Controller;
			sourceTree = "<group>";
		};
		EF390B2621CB50530010F9FF /* Model */ = {
			isa = PBXGroup;
			children = (
				EF390B6D21CC7E6A0010F9FF /* Model.xcdatamodeld */,
			);
			path = Model;
			sourceTree = "<group>";
		};
		EF390B2721CB505E0010F9FF /* Supporting Files */ = {
			isa = PBXGroup;
			children = (
				EFC6815421C86DE4005DADC0 /* LaunchScreen.storyboard */,
				EFC6815221C86DE4005DADC0 /* Assets.xcassets */,
			);
			path = "Supporting Files";
			sourceTree = "<group>";
		};
		EFC6813F21C86DE2005DADC0 = {
			isa = PBXGroup;
			children = (
				EFC6814A21C86DE2005DADC0 /* Todoey */,
				EFC6814921C86DE2005DADC0 /* Products */,
			);
			sourceTree = "<group>";
		};
		EFC6814921C86DE2005DADC0 /* Products */ = {
			isa = PBXGroup;
			children = (
				EFC6814821C86DE2005DADC0 /* Todoey.app */,
			);
			name = Products;
			sourceTree = "<group>";
		};
		EFC6814A21C86DE2005DADC0 /* Todoey */ = {
			isa = PBXGroup;
			children = (
				EFC6814B21C86DE2005DADC0 /* AppDelegate.swift */,
				EF390B2721CB505E0010F9FF /* Supporting Files */,
				EF390B2621CB50530010F9FF /* Model */,
				EF390B2521CB504C0010F9FF /* Controller */,
				EF390B2421CB50440010F9FF /* View */,
				EFC6815721C86DE4005DADC0 /* Info.plist */,
			);
			path = Todoey;
			sourceTree = "<group>";
		};
/* End PBXGroup section */

/* Begin PBXNativeTarget section */
		EFC6814721C86DE2005DADC0 /* Todoey */ = {
			isa = PBXNativeTarget;
			buildConfigurationList = EFC6815A21C86DE4005DADC0 /* Build configuration list for PBXNativeTarget "Todoey" */;
			buildPhases = (
				EFC6814421C86DE2005DADC0 /* Sources */,
				EFC6814521C86DE2005DADC0 /* Frameworks */,
				EFC6814621C86DE2005DADC0 /* Resources */,
			);
			buildRules = (
			);
			dependencies = (
			);
			name = Todoey;
			productName = Todoey;
			productReference = EFC6814821C86DE2005DADC0 /* Todoey.app */;
			productType = "com.apple.product-type.application";
		};
/* End PBXNativeTarget section */

/* Begin PBXProject section */
		EFC6814021C86DE2005DADC0 /* Project object */ = {
			isa = PBXProject;
			attributes = {
				LastSwiftUpdateCheck = 1010;
				LastUpgradeCheck = 1010;
				ORGANIZATIONNAME = "Tyrus Sonneborn";
				TargetAttributes = {
					EFC6814721C86DE2005DADC0 = {
						CreatedOnToolsVersion = 10.1;
					};
				};
			};
			buildConfigurationList = EFC6814321C86DE2005DADC0 /* Build configuration list for PBXProject "Todoey" */;
			compatibilityVersion = "Xcode 9.3";
			developmentRegion = en;
			hasScannedForEncodings = 0;
			knownRegions = (
				en,
				Base,
			);
			mainGroup = EFC6813F21C86DE2005DADC0;
			productRefGroup = EFC6814921C86DE2005DADC0 /* Products */;
			projectDirPath = "";
			projectRoot = "";
			targets = (
				EFC6814721C86DE2005DADC0 /* Todoey */,
			);
		};
/* End PBXProject section */

/* Begin PBXResourcesBuildPhase section */
		EFC6814621C86DE2005DADC0 /* Resources */ = {
			isa = PBXResourcesBuildPhase;
			buildActionMask = 2147483647;
			files = (
				EFC6815621C86DE4005DADC0 /* LaunchScreen.storyboard in Resources */,
				EFC6815321C86DE4005DADC0 /* Assets.xcassets in Resources */,
				EFC6815121C86DE2005DADC0 /* Main.storyboard in Resources */,
			);
			runOnlyForDeploymentPostprocessing = 0;
		};
/* End PBXResourcesBuildPhase section */

/* Begin PBXSourcesBuildPhase section */
		EFC6814421C86DE2005DADC0 /* Sources */ = {
			isa = PBXSourcesBuildPhase;
			buildActionMask = 2147483647;
			files = (
				EF390B7121CCA0380010F9FF /* CategoryViewController.swift in Sources */,
				EFC6814E21C86DE2005DADC0 /* TodoListViewController.swift in Sources */,
				EFC6814C21C86DE2005DADC0 /* AppDelegate.swift in Sources */,
				EF390B6F21CC7E6A0010F9FF /* Model.xcdatamodeld in Sources */,
			);
			runOnlyForDeploymentPostprocessing = 0;
		};
/* End PBXSourcesBuildPhase section */

/* Begin PBXVariantGroup section */
		EFC6814F21C86DE2005DADC0 /* Main.storyboard */ = {
			isa = PBXVariantGroup;
			children = (
				EFC6815021C86DE2005DADC0 /* Base */,
			);
			name = Main.storyboard;
			sourceTree = "<group>";
		};
		EFC6815421C86DE4005DADC0 /* LaunchScreen.storyboard */ = {
			isa = PBXVariantGroup;
			children = (
				EFC6815521C86DE4005DADC0 /* Base */,
			);
			name = LaunchScreen.storyboard;
			sourceTree = "<group>";
		};
/* End PBXVariantGroup section */

/* Begin XCBuildConfiguration section */
		EFC6815821C86DE4005DADC0 /* Debug */ = {
			isa = XCBuildConfiguration;
			buildSettings = {
				ALWAYS_SEARCH_USER_PATHS = NO;
				CLANG_ANALYZER_NONNULL = YES;
				CLANG_ANALYZER_NUMBER_OBJECT_CONVERSION = YES_AGGRESSIVE;
				CLANG_CXX_LANGUAGE_STANDARD = "gnu++14";
				CLANG_CXX_LIBRARY = "libc++";
				CLANG_ENABLE_MODULES = YES;
				CLANG_ENABLE_OBJC_ARC = YES;
				CLANG_ENABLE_OBJC_WEAK = YES;
				CLANG_WARN_BLOCK_CAPTURE_AUTORELEASING = YES;
				CLANG_WARN_BOOL_CONVERSION = YES;
				CLANG_WARN_COMMA = YES;
				CLANG_WARN_CONSTANT_CONVERSION = YES;
				CLANG_WARN_DEPRECATED_OBJC_IMPLEMENTATIONS = YES;
				CLANG_WARN_DIRECT_OBJC_ISA_USAGE = YES_ERROR;
				CLANG_WARN_DOCUMENTATION_COMMENTS = YES;
				CLANG_WARN_EMPTY_BODY = YES;
				CLANG_WARN_ENUM_CONVERSION = YES;
				CLANG_WARN_INFINITE_RECURSION = YES;
				CLANG_WARN_INT_CONVERSION = YES;
				CLANG_WARN_NON_LITERAL_NULL_CONVERSION = YES;
				CLANG_WARN_OBJC_IMPLICIT_RETAIN_SELF = YES;
				CLANG_WARN_OBJC_LITERAL_CONVERSION = YES;
				CLANG_WARN_OBJC_ROOT_CLASS = YES_ERROR;
				CLANG_WARN_RANGE_LOOP_ANALYSIS = YES;
				CLANG_WARN_STRICT_PROTOTYPES = YES;
				CLANG_WARN_SUSPICIOUS_MOVE = YES;
				CLANG_WARN_UNGUARDED_AVAILABILITY = YES_AGGRESSIVE;
				CLANG_WARN_UNREACHABLE_CODE = YES;
				CLANG_WARN__DUPLICATE_METHOD_MATCH = YES;
				CODE_SIGN_IDENTITY = "iPhone Developer";
				COPY_PHASE_STRIP = NO;
				DEBUG_INFORMATION_FORMAT = dwarf;
				ENABLE_STRICT_OBJC_MSGSEND = YES;
				ENABLE_TESTABILITY = YES;
				GCC_C_LANGUAGE_STANDARD = gnu11;
				GCC_DYNAMIC_NO_PIC = NO;
				GCC_NO_COMMON_BLOCKS = YES;
				GCC_OPTIMIZATION_LEVEL = 0;
				GCC_PREPROCESSOR_DEFINITIONS = (
					"DEBUG=1",
					"$(inherited)",
				);
				GCC_WARN_64_TO_32_BIT_CONVERSION = YES;
				GCC_WARN_ABOUT_RETURN_TYPE = YES_ERROR;
				GCC_WARN_UNDECLARED_SELECTOR = YES;
				GCC_WARN_UNINITIALIZED_AUTOS = YES_AGGRESSIVE;
				GCC_WARN_UNUSED_FUNCTION = YES;
				GCC_WARN_UNUSED_VARIABLE = YES;
				IPHONEOS_DEPLOYMENT_TARGET = 12.1;
				MTL_ENABLE_DEBUG_INFO = INCLUDE_SOURCE;
				MTL_FAST_MATH = YES;
				ONLY_ACTIVE_ARCH = YES;
				SDKROOT = iphoneos;
				SWIFT_ACTIVE_COMPILATION_CONDITIONS = DEBUG;
				SWIFT_OPTIMIZATION_LEVEL = "-Onone";
			};
			name = Debug;
		};
		EFC6815921C86DE4005DADC0 /* Release */ = {
			isa = XCBuildConfiguration;
			buildSettings = {
				ALWAYS_SEARCH_USER_PATHS = NO;
				CLANG_ANALYZER_NONNULL = YES;
				CLANG_ANALYZER_NUMBER_OBJECT_CONVERSION = YES_AGGRESSIVE;
				CLANG_CXX_LANGUAGE_STANDARD = "gnu++14";
				CLANG_CXX_LIBRARY = "libc++";
				CLANG_ENABLE_MODULES = YES;
				CLANG_ENABLE_OBJC_ARC = YES;
				CLANG_ENABLE_OBJC_WEAK = YES;
				CLANG_WARN_BLOCK_CAPTURE_AUTORELEASING = YES;
				CLANG_WARN_BOOL_CONVERSION = YES;
				CLANG_WARN_COMMA = YES;
				CLANG_WARN_CONSTANT_CONVERSION = YES;
				CLANG_WARN_DEPRECATED_OBJC_IMPLEMENTATIONS = YES;
				CLANG_WARN_DIRECT_OBJC_ISA_USAGE = YES_ERROR;
				CLANG_WARN_DOCUMENTATION_COMMENTS = YES;
				CLANG_WARN_EMPTY_BODY = YES;
				CLANG_WARN_ENUM_CONVERSION = YES;
				CLANG_WARN_INFINITE_RECURSION = YES;
				CLANG_WARN_INT_CONVERSION = YES;
				CLANG_WARN_NON_LITERAL_NULL_CONVERSION = YES;
				CLANG_WARN_OBJC_IMPLICIT_RETAIN_SELF = YES;
				CLANG_WARN_OBJC_LITERAL_CONVERSION = YES;
				CLANG_WARN_OBJC_ROOT_CLASS = YES_ERROR;
				CLANG_WARN_RANGE_LOOP_ANALYSIS = YES;
				CLANG_WARN_STRICT_PROTOTYPES = YES;
				CLANG_WARN_SUSPICIOUS_MOVE = YES;
				CLANG_WARN_UNGUARDED_AVAILABILITY = YES_AGGRESSIVE;
				CLANG_WARN_UNREACHABLE_CODE = YES;
				CLANG_WARN__DUPLICATE_METHOD_MATCH = YES;
				CODE_SIGN_IDENTITY = "iPhone Developer";
				COPY_PHASE_STRIP = NO;
				DEBUG_INFORMATION_FORMAT = "dwarf-with-dsym";
				ENABLE_NS_ASSERTIONS = NO;
				ENABLE_STRICT_OBJC_MSGSEND = YES;
				GCC_C_LANGUAGE_STANDARD = gnu11;
				GCC_NO_COMMON_BLOCKS = YES;
				GCC_WARN_64_TO_32_BIT_CONVERSION = YES;
				GCC_WARN_ABOUT_RETURN_TYPE = YES_ERROR;
				GCC_WARN_UNDECLARED_SELECTOR = YES;
				GCC_WARN_UNINITIALIZED_AUTOS = YES_AGGRESSIVE;
				GCC_WARN_UNUSED_FUNCTION = YES;
				GCC_WARN_UNUSED_VARIABLE = YES;
				IPHONEOS_DEPLOYMENT_TARGET = 12.1;
				MTL_ENABLE_DEBUG_INFO = NO;
				MTL_FAST_MATH = YES;
				SDKROOT = iphoneos;
				SWIFT_COMPILATION_MODE = wholemodule;
				SWIFT_OPTIMIZATION_LEVEL = "-O";
				VALIDATE_PRODUCT = YES;
			};
			name = Release;
		};
		EFC6815B21C86DE4005DADC0 /* Debug */ = {
			isa = XCBuildConfiguration;
			buildSettings = {
				ASSETCATALOG_COMPILER_APPICON_NAME = AppIcon;
				CODE_SIGN_STYLE = Automatic;
				DEVELOPMENT_TEAM = P8QD8753WP;
				INFOPLIST_FILE = Todoey/Info.plist;
				LD_RUNPATH_SEARCH_PATHS = (
					"$(inherited)",
					"@executable_path/Frameworks",
				);
				PRODUCT_BUNDLE_IDENTIFIER = com.tyrus.b.sonneborn.Todoey;
				PRODUCT_NAME = "$(TARGET_NAME)";
				SWIFT_VERSION = 4.2;
				TARGETED_DEVICE_FAMILY = "1,2";
			};
			name = Debug;
		};
		EFC6815C21C86DE4005DADC0 /* Release */ = {
			isa = XCBuildConfiguration;
			buildSettings = {
				ASSETCATALOG_COMPILER_APPICON_NAME = AppIcon;
				CODE_SIGN_STYLE = Automatic;
				DEVELOPMENT_TEAM = P8QD8753WP;
				INFOPLIST_FILE = Todoey/Info.plist;
				LD_RUNPATH_SEARCH_PATHS = (
					"$(inherited)",
					"@executable_path/Frameworks",
				);
				PRODUCT_BUNDLE_IDENTIFIER = com.tyrus.b.sonneborn.Todoey;
				PRODUCT_NAME = "$(TARGET_NAME)";
				SWIFT_VERSION = 4.2;
				TARGETED_DEVICE_FAMILY = "1,2";
			};
			name = Release;
		};
/* End XCBuildConfiguration section */

/* Begin XCConfigurationList section */
		EFC6814321C86DE2005DADC0 /* Build configuration list for PBXProject "Todoey" */ = {
			isa = XCConfigurationList;
			buildConfigurations = (
				EFC6815821C86DE4005DADC0 /* Debug */,
				EFC6815921C86DE4005DADC0 /* Release */,
			);
			defaultConfigurationIsVisible = 0;
			defaultConfigurationName = Release;
		};
		EFC6815A21C86DE4005DADC0 /* Build configuration list for PBXNativeTarget "Todoey" */ = {
			isa = XCConfigurationList;
			buildConfigurations = (
				EFC6815B21C86DE4005DADC0 /* Debug */,
				EFC6815C21C86DE4005DADC0 /* Release */,
			);
			defaultConfigurationIsVisible = 0;
			defaultConfigurationName = Release;
		};
/* End XCConfigurationList section */

/* Begin XCVersionGroup section */
		EF390B6D21CC7E6A0010F9FF /* Model.xcdatamodeld */ = {
			isa = XCVersionGroup;
			children = (
				EF390B6E21CC7E6A0010F9FF /* Model.xcdatamodel */,
			);
			currentVersion = EF390B6E21CC7E6A0010F9FF /* Model.xcdatamodel */;
			path = Model.xcdatamodeld;
			sourceTree = "<group>";
			versionGroupType = wrapper.xcdatamodel;
		};
/* End XCVersionGroup section */
	};
	rootObject = EFC6814021C86DE2005DADC0 /* Project object */;
}
